
Microsoft Visual Studio Solution File, Format Version 11.00
# Visual Studio 2010
Project("{FAE04EC0-301F-11D3-BF4B-00C04F79EFBC}") = "angry-friends.Web", "angry-friends.Web\angry-friends.Web.csproj", "{0ED881DB-D689-499E-85BA-C605C7F44DAE}"
	ProjectSection(ProjectDependencies) = postProject
		{4980572F-BAF3-4A24-B411-A7455C821501} = {4980572F-BAF3-4A24-B411-A7455C821501}
		{8A47AC40-00DA-4EFB-B9FB-F7642EA8BE2F} = {8A47AC40-00DA-4EFB-B9FB-F7642EA8BE2F}
	EndProjectSection
EndProject
Project("{FAE04EC0-301F-11D3-BF4B-00C04F79EFBC}") = "Model", "Model\Model.csproj", "{8A47AC40-00DA-4EFB-B9FB-F7642EA8BE2F}"
EndProject
Project("{FAE04EC0-301F-11D3-BF4B-00C04F79EFBC}") = "View", "View\View.csproj", "{4980572F-BAF3-4A24-B411-A7455C821501}"
EndProject
Global
	GlobalSection(SolutionConfigurationPlatforms) = preSolution
		Debug|Any CPU = Debug|Any CPU
		Release|Any CPU = Release|Any CPU
	EndGlobalSection
	GlobalSection(ProjectConfigurationPlatforms) = postSolution
		{0ED881DB-D689-499E-85BA-C605C7F44DAE}.Debug|Any CPU.ActiveCfg = Debug|Any CPU
		{0ED881DB-D689-499E-85BA-C605C7F44DAE}.Debug|Any CPU.Build.0 = Debug|Any CPU
		{0ED881DB-D689-499E-85BA-C605C7F44DAE}.Release|Any CPU.ActiveCfg = Release|Any CPU
		{0ED881DB-D689-499E-85BA-C605C7F44DAE}.Release|Any CPU.Build.0 = Release|Any CPU
		{8A47AC40-00DA-4EFB-B9FB-F7642EA8BE2F}.Debug|Any CPU.ActiveCfg = Debug|Any CPU
		{8A47AC40-00DA-4EFB-B9FB-F7642EA8BE2F}.Debug|Any CPU.Build.0 = Debug|Any CPU
		{8A47AC40-00DA-4EFB-B9FB-F7642EA8BE2F}.Release|Any CPU.ActiveCfg = Release|Any CPU
		{8A47AC40-00DA-4EFB-B9FB-F7642EA8BE2F}.Release|Any CPU.Build.0 = Release|Any CPU
		{4980572F-BAF3-4A24-B411-A7455C821501}.Debug|Any CPU.ActiveCfg = Debug|Any CPU
		{4980572F-BAF3-4A24-B411-A7455C821501}.Debug|Any CPU.Build.0 = Debug|Any CPU
		{4980572F-BAF3-4A24-B411-A7455C821501}.Release|Any CPU.ActiveCfg = Release|Any CPU
		{4980572F-BAF3-4A24-B411-A7455C821501}.Release|Any CPU.Build.0 = Release|Any CPU
	EndGlobalSection
	GlobalSection(SolutionProperties) = preSolution
		HideSolutionNode = FALSE
	EndGlobalSection
EndGlobal
