
Microsoft Visual Studio Solution File, Format Version 11.00
# Visual Studio 2010
Project("{FAE04EC0-301F-11D3-BF4B-00C04F79EFBC}") = "Library", "Library\Library.csproj", "{8A47AC40-00DA-4EFB-B9FB-F7642EA8BE2F}"
	ProjectSection(ProjectDependencies) = postProject
		{AA5B41C7-31B9-4BFD-A8C3-40AFAB1E4256} = {AA5B41C7-31B9-4BFD-A8C3-40AFAB1E4256}
	EndProjectSection
EndProject
Project("{FAE04EC0-301F-11D3-BF4B-00C04F79EFBC}") = "Client", "Client\Client.csproj", "{4980572F-BAF3-4A24-B411-A7455C821501}"
	ProjectSection(ProjectDependencies) = postProject
		{AA5B41C7-31B9-4BFD-A8C3-40AFAB1E4256} = {AA5B41C7-31B9-4BFD-A8C3-40AFAB1E4256}
	EndProjectSection
EndProject
Project("{FAE04EC0-301F-11D3-BF4B-00C04F79EFBC}") = "Web", "Web\Web.csproj", "{AA5B41C7-31B9-4BFD-A8C3-40AFAB1E4256}"
EndProject
Project("{FAE04EC0-301F-11D3-BF4B-00C04F79EFBC}") = "Server", "Server\Server.csproj", "{6D61BBA7-A8DB-446A-9FAD-5AD3B74831FD}"
EndProject
Project("{2150E333-8FDC-42A3-9474-1A3956D46DE8}") = "Solution Items", "Solution Items", "{DF3E7644-C8F3-48D1-81A4-E8F94927D09C}"
	ProjectSection(SolutionItems) = preProject
		Angry Friends.vsmdi = Angry Friends.vsmdi
		Local.testsettings = Local.testsettings
		TraceAndTestImpact.testsettings = TraceAndTestImpact.testsettings
	EndProjectSection
EndProject
Project("{FAE04EC0-301F-11D3-BF4B-00C04F79EFBC}") = "Test", "Test\Test.csproj", "{C80EF86A-A7DA-415B-8F2D-8A0760D4233C}"
EndProject
Global
	GlobalSection(TestCaseManagementSettings) = postSolution
		CategoryFile = Angry Friends.vsmdi
	EndGlobalSection
	GlobalSection(SolutionConfigurationPlatforms) = preSolution
		Debug|Any CPU = Debug|Any CPU
		Debug|Mixed Platforms = Debug|Mixed Platforms
		Debug|x86 = Debug|x86
		Release|Any CPU = Release|Any CPU
		Release|Mixed Platforms = Release|Mixed Platforms
		Release|x86 = Release|x86
	EndGlobalSection
	GlobalSection(ProjectConfigurationPlatforms) = postSolution
		{8A47AC40-00DA-4EFB-B9FB-F7642EA8BE2F}.Debug|Any CPU.ActiveCfg = Debug|Any CPU
		{8A47AC40-00DA-4EFB-B9FB-F7642EA8BE2F}.Debug|Any CPU.Build.0 = Debug|Any CPU
		{8A47AC40-00DA-4EFB-B9FB-F7642EA8BE2F}.Debug|Mixed Platforms.ActiveCfg = Debug|Any CPU
		{8A47AC40-00DA-4EFB-B9FB-F7642EA8BE2F}.Debug|Mixed Platforms.Build.0 = Debug|Any CPU
		{8A47AC40-00DA-4EFB-B9FB-F7642EA8BE2F}.Debug|x86.ActiveCfg = Debug|Any CPU
		{8A47AC40-00DA-4EFB-B9FB-F7642EA8BE2F}.Release|Any CPU.ActiveCfg = Release|Any CPU
		{8A47AC40-00DA-4EFB-B9FB-F7642EA8BE2F}.Release|Any CPU.Build.0 = Release|Any CPU
		{8A47AC40-00DA-4EFB-B9FB-F7642EA8BE2F}.Release|Mixed Platforms.ActiveCfg = Release|Any CPU
		{8A47AC40-00DA-4EFB-B9FB-F7642EA8BE2F}.Release|Mixed Platforms.Build.0 = Release|Any CPU
		{8A47AC40-00DA-4EFB-B9FB-F7642EA8BE2F}.Release|x86.ActiveCfg = Release|Any CPU
		{4980572F-BAF3-4A24-B411-A7455C821501}.Debug|Any CPU.ActiveCfg = Debug|Any CPU
		{4980572F-BAF3-4A24-B411-A7455C821501}.Debug|Any CPU.Build.0 = Debug|Any CPU
		{4980572F-BAF3-4A24-B411-A7455C821501}.Debug|Mixed Platforms.ActiveCfg = Debug|Any CPU
		{4980572F-BAF3-4A24-B411-A7455C821501}.Debug|Mixed Platforms.Build.0 = Debug|Any CPU
		{4980572F-BAF3-4A24-B411-A7455C821501}.Debug|x86.ActiveCfg = Debug|Any CPU
		{4980572F-BAF3-4A24-B411-A7455C821501}.Release|Any CPU.ActiveCfg = Release|Any CPU
		{4980572F-BAF3-4A24-B411-A7455C821501}.Release|Any CPU.Build.0 = Release|Any CPU
		{4980572F-BAF3-4A24-B411-A7455C821501}.Release|Mixed Platforms.ActiveCfg = Release|Any CPU
		{4980572F-BAF3-4A24-B411-A7455C821501}.Release|Mixed Platforms.Build.0 = Release|Any CPU
		{4980572F-BAF3-4A24-B411-A7455C821501}.Release|x86.ActiveCfg = Release|Any CPU
		{AA5B41C7-31B9-4BFD-A8C3-40AFAB1E4256}.Debug|Any CPU.ActiveCfg = Debug|Any CPU
		{AA5B41C7-31B9-4BFD-A8C3-40AFAB1E4256}.Debug|Any CPU.Build.0 = Debug|Any CPU
		{AA5B41C7-31B9-4BFD-A8C3-40AFAB1E4256}.Debug|Mixed Platforms.ActiveCfg = Debug|Any CPU
		{AA5B41C7-31B9-4BFD-A8C3-40AFAB1E4256}.Debug|Mixed Platforms.Build.0 = Debug|Any CPU
		{AA5B41C7-31B9-4BFD-A8C3-40AFAB1E4256}.Debug|x86.ActiveCfg = Debug|Any CPU
		{AA5B41C7-31B9-4BFD-A8C3-40AFAB1E4256}.Release|Any CPU.ActiveCfg = Release|Any CPU
		{AA5B41C7-31B9-4BFD-A8C3-40AFAB1E4256}.Release|Any CPU.Build.0 = Release|Any CPU
		{AA5B41C7-31B9-4BFD-A8C3-40AFAB1E4256}.Release|Mixed Platforms.ActiveCfg = Release|Any CPU
		{AA5B41C7-31B9-4BFD-A8C3-40AFAB1E4256}.Release|Mixed Platforms.Build.0 = Release|Any CPU
		{AA5B41C7-31B9-4BFD-A8C3-40AFAB1E4256}.Release|x86.ActiveCfg = Release|Any CPU
		{6D61BBA7-A8DB-446A-9FAD-5AD3B74831FD}.Debug|Any CPU.ActiveCfg = Debug|x86
		{6D61BBA7-A8DB-446A-9FAD-5AD3B74831FD}.Debug|Mixed Platforms.ActiveCfg = Debug|x86
		{6D61BBA7-A8DB-446A-9FAD-5AD3B74831FD}.Debug|Mixed Platforms.Build.0 = Debug|x86
		{6D61BBA7-A8DB-446A-9FAD-5AD3B74831FD}.Debug|x86.ActiveCfg = Debug|x86
		{6D61BBA7-A8DB-446A-9FAD-5AD3B74831FD}.Debug|x86.Build.0 = Debug|x86
		{6D61BBA7-A8DB-446A-9FAD-5AD3B74831FD}.Release|Any CPU.ActiveCfg = Release|x86
		{6D61BBA7-A8DB-446A-9FAD-5AD3B74831FD}.Release|Mixed Platforms.ActiveCfg = Release|x86
		{6D61BBA7-A8DB-446A-9FAD-5AD3B74831FD}.Release|Mixed Platforms.Build.0 = Release|x86
		{6D61BBA7-A8DB-446A-9FAD-5AD3B74831FD}.Release|x86.ActiveCfg = Release|x86
		{6D61BBA7-A8DB-446A-9FAD-5AD3B74831FD}.Release|x86.Build.0 = Release|x86
		{C80EF86A-A7DA-415B-8F2D-8A0760D4233C}.Debug|Any CPU.ActiveCfg = Debug|Any CPU
		{C80EF86A-A7DA-415B-8F2D-8A0760D4233C}.Debug|Any CPU.Build.0 = Debug|Any CPU
		{C80EF86A-A7DA-415B-8F2D-8A0760D4233C}.Debug|Mixed Platforms.ActiveCfg = Debug|Any CPU
		{C80EF86A-A7DA-415B-8F2D-8A0760D4233C}.Debug|Mixed Platforms.Build.0 = Debug|Any CPU
		{C80EF86A-A7DA-415B-8F2D-8A0760D4233C}.Debug|x86.ActiveCfg = Debug|Any CPU
		{C80EF86A-A7DA-415B-8F2D-8A0760D4233C}.Release|Any CPU.ActiveCfg = Release|Any CPU
		{C80EF86A-A7DA-415B-8F2D-8A0760D4233C}.Release|Any CPU.Build.0 = Release|Any CPU
		{C80EF86A-A7DA-415B-8F2D-8A0760D4233C}.Release|Mixed Platforms.ActiveCfg = Release|Any CPU
		{C80EF86A-A7DA-415B-8F2D-8A0760D4233C}.Release|Mixed Platforms.Build.0 = Release|Any CPU
		{C80EF86A-A7DA-415B-8F2D-8A0760D4233C}.Release|x86.ActiveCfg = Release|Any CPU
	EndGlobalSection
	GlobalSection(SolutionProperties) = preSolution
		HideSolutionNode = FALSE
	EndGlobalSection
EndGlobal
