
Microsoft Visual Studio Solution File, Format Version 11.00
# Visual Studio 2010
Project("{FAE04EC0-301F-11D3-BF4B-00C04F79EFBC}") = "Friend Wars", "Friend Wars\Friend Wars.csproj", "{07500A91-A9C5-4BA4-B110-CA886AC5F791}"
EndProject
Project("{FAE04EC0-301F-11D3-BF4B-00C04F79EFBC}") = "Friend Wars.Web", "Friend Wars.Web\Friend Wars.Web.csproj", "{9BD9D26F-D25E-424D-9E79-3033629F0DBC}"
EndProject
Global
	GlobalSection(SubversionScc) = preSolution
		Svn-Managed = True
		Manager = AnkhSVN - Subversion Support for Visual Studio
	EndGlobalSection
	GlobalSection(SolutionConfigurationPlatforms) = preSolution
		Debug|Any CPU = Debug|Any CPU
		Release|Any CPU = Release|Any CPU
	EndGlobalSection
	GlobalSection(ProjectConfigurationPlatforms) = postSolution
		{07500A91-A9C5-4BA4-B110-CA886AC5F791}.Debug|Any CPU.ActiveCfg = Debug|Any CPU
		{07500A91-A9C5-4BA4-B110-CA886AC5F791}.Debug|Any CPU.Build.0 = Debug|Any CPU
		{07500A91-A9C5-4BA4-B110-CA886AC5F791}.Release|Any CPU.ActiveCfg = Release|Any CPU
		{07500A91-A9C5-4BA4-B110-CA886AC5F791}.Release|Any CPU.Build.0 = Release|Any CPU
		{9BD9D26F-D25E-424D-9E79-3033629F0DBC}.Debug|Any CPU.ActiveCfg = Debug|Any CPU
		{9BD9D26F-D25E-424D-9E79-3033629F0DBC}.Debug|Any CPU.Build.0 = Debug|Any CPU
		{9BD9D26F-D25E-424D-9E79-3033629F0DBC}.Release|Any CPU.ActiveCfg = Release|Any CPU
		{9BD9D26F-D25E-424D-9E79-3033629F0DBC}.Release|Any CPU.Build.0 = Release|Any CPU
	EndGlobalSection
	GlobalSection(SolutionProperties) = preSolution
		HideSolutionNode = FALSE
	EndGlobalSection
EndGlobal
